
Microsoft Visual Studio Solution File, Format Version 12.00
# Visual Studio Version 17
VisualStudioVersion = 17.10.35027.167
MinimumVisualStudioVersion = 10.0.40219.1
Project("{FAE04EC0-301F-11D3-BF4B-00C04F79EFBC}") = "PropertyApi", "PropertyApi\PropertyApi.csproj", "{87F7BD0C-F468-44DB-8626-CAFD1C4C79D3}"
EndProject
Global
	GlobalSection(SolutionConfigurationPlatforms) = preSolution
		Debug|Any CPU = Debug|Any CPU
		Release|Any CPU = Release|Any CPU
	EndGlobalSection
	GlobalSection(ProjectConfigurationPlatforms) = postSolution
		{87F7BD0C-F468-44DB-8626-CAFD1C4C79D3}.Debug|Any CPU.ActiveCfg = Debug|Any CPU
		{87F7BD0C-F468-44DB-8626-CAFD1C4C79D3}.Debug|Any CPU.Build.0 = Debug|Any CPU
		{87F7BD0C-F468-44DB-8626-CAFD1C4C79D3}.Release|Any CPU.ActiveCfg = Release|Any CPU
		{87F7BD0C-F468-44DB-8626-CAFD1C4C79D3}.Release|Any CPU.Build.0 = Release|Any CPU
	EndGlobalSection
	GlobalSection(SolutionProperties) = preSolution
		HideSolutionNode = FALSE
	EndGlobalSection
	GlobalSection(ExtensibilityGlobals) = postSolution
		SolutionGuid = {9F849CB6-9FDE-4337-8D2E-69A6F390E37C}
	EndGlobalSection
EndGlobal
